PODS:
  - Alamofire (4.4.0)
  - AlamofireImage (3.2.0):
    - Alamofire (~> 4.1)
  - ImageSlideshow (1.2.0):
    - ImageSlideshow/Core (= 1.2.0)
  - ImageSlideshow/Alamofire (1.2.0):
    - AlamofireImage (~> 3.0)
    - ImageSlideshow/Core
  - ImageSlideshow/Core (1.2.0)
  - SwiftyJSON (3.1.4)

DEPENDENCIES:
  - ImageSlideshow (from `../`)
  - ImageSlideshow/Alamofire (from `../`)
  - SwiftyJSON

EXTERNAL SOURCES:
  ImageSlideshow:
    :path: "../"

SPEC CHECKSUMS:
  Alamofire: dc44b1600b800eb63da6a19039a0083d62a6a62d
  AlamofireImage: 157ed682cc81d3b9db4fb90c1f12180ac552d93b
  ImageSlideshow: a335db967a121fafa869c676c99e5665dfa0ea8b
  SwiftyJSON: c2842d878f95482ffceec5709abc3d05680c0220

PODFILE CHECKSUM: 852285e62b6b7f8c2b503a53bbf2915fe6274b50

COCOAPODS: 1.2.1
